
Microsoft Visual Studio Solution File, Format Version 12.00
# Visual Studio Version 17
VisualStudioVersion = 17.10.35004.147
MinimumVisualStudioVersion = 10.0.40219.1
Project("{FAE04EC0-301F-11D3-BF4B-00C04F79EFBC}") = "Circlediameter", "Circlediameter\Circlediameter.csproj", "{60EEFAEF-BFC9-45D4-9D84-A86CCB5947DF}"
EndProject
Global
	GlobalSection(SolutionConfigurationPlatforms) = preSolution
		Debug|Any CPU = Debug|Any CPU
		Release|Any CPU = Release|Any CPU
	EndGlobalSection
	GlobalSection(ProjectConfigurationPlatforms) = postSolution
		{60EEFAEF-BFC9-45D4-9D84-A86CCB5947DF}.Debug|Any CPU.ActiveCfg = Debug|Any CPU
		{60EEFAEF-BFC9-45D4-9D84-A86CCB5947DF}.Debug|Any CPU.Build.0 = Debug|Any CPU
		{60EEFAEF-BFC9-45D4-9D84-A86CCB5947DF}.Release|Any CPU.ActiveCfg = Release|Any CPU
		{60EEFAEF-BFC9-45D4-9D84-A86CCB5947DF}.Release|Any CPU.Build.0 = Release|Any CPU
	EndGlobalSection
	GlobalSection(SolutionProperties) = preSolution
		HideSolutionNode = FALSE
	EndGlobalSection
	GlobalSection(ExtensibilityGlobals) = postSolution
		SolutionGuid = {A2FC1513-762B-444B-996D-BA1C4339778D}
	EndGlobalSection
EndGlobal
